// !$*UTF8*$!
{
	archiveVersion = 1;
	classes = {
	};
	objectVersion = 46;
	objects = {

/* Begin PBXBuildFile section */
		C2055FF21BD747E00023BF50 /* SignUpTermsViewController.swift in Sources */ = {isa = PBXBuildFile; fileRef = C2055FF11BD747E00023BF50 /* SignUpTermsViewController.swift */; settings = {ASSET_TAGS = (); }; };
		C2055FF41BD7E2260023BF50 /* SignInOneViewController.swift in Sources */ = {isa = PBXBuildFile; fileRef = C2055FF31BD7E2260023BF50 /* SignInOneViewController.swift */; settings = {ASSET_TAGS = (); }; };
		C2055FF61BD7E22E0023BF50 /* SignInTwoViewController.swift in Sources */ = {isa = PBXBuildFile; fileRef = C2055FF51BD7E22E0023BF50 /* SignInTwoViewController.swift */; settings = {ASSET_TAGS = (); }; };
		C2055FF81BD7E2360023BF50 /* SignInActionSheetViewController.swift in Sources */ = {isa = PBXBuildFile; fileRef = C2055FF71BD7E2360023BF50 /* SignInActionSheetViewController.swift */; settings = {ASSET_TAGS = (); }; };
		C22FE6791BD71DBF0076B174 /* AppDelegate.swift in Sources */ = {isa = PBXBuildFile; fileRef = C22FE6781BD71DBF0076B174 /* AppDelegate.swift */; };
		C22FE67B1BD71DBF0076B174 /* ViewController.swift in Sources */ = {isa = PBXBuildFile; fileRef = C22FE67A1BD71DBF0076B174 /* ViewController.swift */; };
		C22FE67E1BD71DBF0076B174 /* Main.storyboard in Resources */ = {isa = PBXBuildFile; fileRef = C22FE67C1BD71DBF0076B174 /* Main.storyboard */; };
		C22FE6801BD71DBF0076B174 /* Assets.xcassets in Resources */ = {isa = PBXBuildFile; fileRef = C22FE67F1BD71DBF0076B174 /* Assets.xcassets */; };
		C22FE6831BD71DBF0076B174 /* LaunchScreen.storyboard in Resources */ = {isa = PBXBuildFile; fileRef = C22FE6811BD71DBF0076B174 /* LaunchScreen.storyboard */; };
		C236FAC61BD72CDE0082B3E1 /* SignUpRootViewController.swift in Sources */ = {isa = PBXBuildFile; fileRef = C236FAC51BD72CDE0082B3E1 /* SignUpRootViewController.swift */; settings = {ASSET_TAGS = (); }; };
		C236FAC81BD72CF90082B3E1 /* SignInRootViewController.swift in Sources */ = {isa = PBXBuildFile; fileRef = C236FAC71BD72CF90082B3E1 /* SignInRootViewController.swift */; settings = {ASSET_TAGS = (); }; };
		C236FACA1BD742650082B3E1 /* SignUpOneViewController.swift in Sources */ = {isa = PBXBuildFile; fileRef = C236FAC91BD742650082B3E1 /* SignUpOneViewController.swift */; settings = {ASSET_TAGS = (); }; };
		C236FACC1BD744170082B3E1 /* SignUpTwoViewController.swift in Sources */ = {isa = PBXBuildFile; fileRef = C236FACB1BD744170082B3E1 /* SignUpTwoViewController.swift */; settings = {ASSET_TAGS = (); }; };
		C236FACE1BD744240082B3E1 /* SignUpThreeViewController.swift in Sources */ = {isa = PBXBuildFile; fileRef = C236FACD1BD744240082B3E1 /* SignUpThreeViewController.swift */; settings = {ASSET_TAGS = (); }; };
		C236FAD01BD744300082B3E1 /* SignUpFourViewController.swift in Sources */ = {isa = PBXBuildFile; fileRef = C236FACF1BD744300082B3E1 /* SignUpFourViewController.swift */; settings = {ASSET_TAGS = (); }; };
		C236FAD21BD7443A0082B3E1 /* SignUpFiveViewController.swift in Sources */ = {isa = PBXBuildFile; fileRef = C236FAD11BD7443A0082B3E1 /* SignUpFiveViewController.swift */; settings = {ASSET_TAGS = (); }; };
/* End PBXBuildFile section */

/* Begin PBXFileReference section */
		C2055FF11BD747E00023BF50 /* SignUpTermsViewController.swift */ = {isa = PBXFileReference; fileEncoding = 4; lastKnownFileType = sourcecode.swift; path = SignUpTermsViewController.swift; sourceTree = "<group>"; };
		C2055FF31BD7E2260023BF50 /* SignInOneViewController.swift */ = {isa = PBXFileReference; fileEncoding = 4; lastKnownFileType = sourcecode.swift; path = SignInOneViewController.swift; sourceTree = "<group>"; };
		C2055FF51BD7E22E0023BF50 /* SignInTwoViewController.swift */ = {isa = PBXFileReference; fileEncoding = 4; lastKnownFileType = sourcecode.swift; path = SignInTwoViewController.swift; sourceTree = "<group>"; };
		C2055FF71BD7E2360023BF50 /* SignInActionSheetViewController.swift */ = {isa = PBXFileReference; fileEncoding = 4; lastKnownFileType = sourcecode.swift; path = SignInActionSheetViewController.swift; sourceTree = "<group>"; };
		C22FE6751BD71DBF0076B174 /* dropbox-prototype.app */ = {isa = PBXFileReference; explicitFileType = wrapper.application; includeInIndex = 0; path = "dropbox-prototype.app"; sourceTree = BUILT_PRODUCTS_DIR; };
		C22FE6781BD71DBF0076B174 /* AppDelegate.swift */ = {isa = PBXFileReference; lastKnownFileType = sourcecode.swift; path = AppDelegate.swift; sourceTree = "<group>"; };
		C22FE67A1BD71DBF0076B174 /* ViewController.swift */ = {isa = PBXFileReference; lastKnownFileType = sourcecode.swift; path = ViewController.swift; sourceTree = "<group>"; };
		C22FE67D1BD71DBF0076B174 /* Base */ = {isa = PBXFileReference; lastKnownFileType = file.storyboard; name = Base; path = Base.lproj/Main.storyboard; sourceTree = "<group>"; };
		C22FE67F1BD71DBF0076B174 /* Assets.xcassets */ = {isa = PBXFileReference; lastKnownFileType = folder.assetcatalog; path = Assets.xcassets; sourceTree = "<group>"; };
		C22FE6821BD71DBF0076B174 /* Base */ = {isa = PBXFileReference; lastKnownFileType = file.storyboard; name = Base; path = Base.lproj/LaunchScreen.storyboard; sourceTree = "<group>"; };
		C22FE6841BD71DBF0076B174 /* Info.plist */ = {isa = PBXFileReference; lastKnownFileType = text.plist.xml; path = Info.plist; sourceTree = "<group>"; };
		C236FAC51BD72CDE0082B3E1 /* SignUpRootViewController.swift */ = {isa = PBXFileReference; fileEncoding = 4; lastKnownFileType = sourcecode.swift; name = SignUpRootViewController.swift; path = ../SignUpRootViewController.swift; sourceTree = "<group>"; };
		C236FAC71BD72CF90082B3E1 /* SignInRootViewController.swift */ = {isa = PBXFileReference; fileEncoding = 4; lastKnownFileType = sourcecode.swift; path = SignInRootViewController.swift; sourceTree = "<group>"; };
		C236FAC91BD742650082B3E1 /* SignUpOneViewController.swift */ = {isa = PBXFileReference; fileEncoding = 4; lastKnownFileType = sourcecode.swift; path = SignUpOneViewController.swift; sourceTree = "<group>"; };
		C236FACB1BD744170082B3E1 /* SignUpTwoViewController.swift */ = {isa = PBXFileReference; fileEncoding = 4; lastKnownFileType = sourcecode.swift; path = SignUpTwoViewController.swift; sourceTree = "<group>"; };
		C236FACD1BD744240082B3E1 /* SignUpThreeViewController.swift */ = {isa = PBXFileReference; fileEncoding = 4; lastKnownFileType = sourcecode.swift; path = SignUpThreeViewController.swift; sourceTree = "<group>"; };
		C236FACF1BD744300082B3E1 /* SignUpFourViewController.swift */ = {isa = PBXFileReference; fileEncoding = 4; lastKnownFileType = sourcecode.swift; path = SignUpFourViewController.swift; sourceTree = "<group>"; };
		C236FAD11BD7443A0082B3E1 /* SignUpFiveViewController.swift */ = {isa = PBXFileReference; fileEncoding = 4; lastKnownFileType = sourcecode.swift; path = SignUpFiveViewController.swift; sourceTree = "<group>"; };
/* End PBXFileReference section */

/* Begin PBXFrameworksBuildPhase section */
		C22FE6721BD71DBF0076B174 /* Frameworks */ = {
			isa = PBXFrameworksBuildPhase;
			buildActionMask = 2147483647;
			files = (
			);
			runOnlyForDeploymentPostprocessing = 0;
		};
/* End PBXFrameworksBuildPhase section */

/* Begin PBXGroup section */
		C22FE66C1BD71DBF0076B174 = {
			isa = PBXGroup;
			children = (
				C22FE6771BD71DBF0076B174 /* dropbox-prototype */,
				C22FE6761BD71DBF0076B174 /* Products */,
			);
			sourceTree = "<group>";
		};
		C22FE6761BD71DBF0076B174 /* Products */ = {
			isa = PBXGroup;
			children = (
				C22FE6751BD71DBF0076B174 /* dropbox-prototype.app */,
			);
			name = Products;
			sourceTree = "<group>";
		};
		C22FE6771BD71DBF0076B174 /* dropbox-prototype */ = {
			isa = PBXGroup;
			children = (
				C236FAC91BD742650082B3E1 /* SignUpOneViewController.swift */,
				C236FACB1BD744170082B3E1 /* SignUpTwoViewController.swift */,
				C236FACD1BD744240082B3E1 /* SignUpThreeViewController.swift */,
				C236FACF1BD744300082B3E1 /* SignUpFourViewController.swift */,
				C236FAD11BD7443A0082B3E1 /* SignUpFiveViewController.swift */,
				C2055FF11BD747E00023BF50 /* SignUpTermsViewController.swift */,
				C236FAC51BD72CDE0082B3E1 /* SignUpRootViewController.swift */,
				C22FE6781BD71DBF0076B174 /* AppDelegate.swift */,
				C22FE67A1BD71DBF0076B174 /* ViewController.swift */,
				C22FE67C1BD71DBF0076B174 /* Main.storyboard */,
				C236FAC71BD72CF90082B3E1 /* SignInRootViewController.swift */,
				C2055FF31BD7E2260023BF50 /* SignInOneViewController.swift */,
				C2055FF51BD7E22E0023BF50 /* SignInTwoViewController.swift */,
				C2055FF71BD7E2360023BF50 /* SignInActionSheetViewController.swift */,
				C22FE67F1BD71DBF0076B174 /* Assets.xcassets */,
				C22FE6811BD71DBF0076B174 /* LaunchScreen.storyboard */,
				C22FE6841BD71DBF0076B174 /* Info.plist */,
			);
			path = "dropbox-prototype";
			sourceTree = "<group>";
		};
/* End PBXGroup section */

/* Begin PBXNativeTarget section */
		C22FE6741BD71DBF0076B174 /* dropbox-prototype */ = {
			isa = PBXNativeTarget;
			buildConfigurationList = C22FE6871BD71DBF0076B174 /* Build configuration list for PBXNativeTarget "dropbox-prototype" */;
			buildPhases = (
				C22FE6711BD71DBF0076B174 /* Sources */,
				C22FE6721BD71DBF0076B174 /* Frameworks */,
				C22FE6731BD71DBF0076B174 /* Resources */,
			);
			buildRules = (
			);
			dependencies = (
			);
			name = "dropbox-prototype";
			productName = "dropbox-prototype";
			productReference = C22FE6751BD71DBF0076B174 /* dropbox-prototype.app */;
			productType = "com.apple.product-type.application";
		};
/* End PBXNativeTarget section */

/* Begin PBXProject section */
		C22FE66D1BD71DBF0076B174 /* Project object */ = {
			isa = PBXProject;
			attributes = {
				LastUpgradeCheck = 0700;
				ORGANIZATIONNAME = "Andy Taylor";
				TargetAttributes = {
					C22FE6741BD71DBF0076B174 = {
						CreatedOnToolsVersion = 7.0.1;
						DevelopmentTeam = 7JJG8MJLCH;
					};
				};
			};
			buildConfigurationList = C22FE6701BD71DBF0076B174 /* Build configuration list for PBXProject "dropbox-prototype" */;
			compatibilityVersion = "Xcode 3.2";
			developmentRegion = English;
			hasScannedForEncodings = 0;
			knownRegions = (
				en,
				Base,
			);
			mainGroup = C22FE66C1BD71DBF0076B174;
			productRefGroup = C22FE6761BD71DBF0076B174 /* Products */;
			projectDirPath = "";
			projectRoot = "";
			targets = (
				C22FE6741BD71DBF0076B174 /* dropbox-prototype */,
			);
		};
/* End PBXProject section */

/* Begin PBXResourcesBuildPhase section */
		C22FE6731BD71DBF0076B174 /* Resources */ = {
			isa = PBXResourcesBuildPhase;
			buildActionMask = 2147483647;
			files = (
				C22FE6831BD71DBF0076B174 /* LaunchScreen.storyboard in Resources */,
				C22FE6801BD71DBF0076B174 /* Assets.xcassets in Resources */,
				C22FE67E1BD71DBF0076B174 /* Main.storyboard in Resources */,
			);
			runOnlyForDeploymentPostprocessing = 0;
		};
/* End PBXResourcesBuildPhase section */

/* Begin PBXSourcesBuildPhase section */
		C22FE6711BD71DBF0076B174 /* Sources */ = {
			isa = PBXSourcesBuildPhase;
			buildActionMask = 2147483647;
			files = (
				C236FAC81BD72CF90082B3E1 /* SignInRootViewController.swift in Sources */,
				C2055FF61BD7E22E0023BF50 /* SignInTwoViewController.swift in Sources */,
				C2055FF81BD7E2360023BF50 /* SignInActionSheetViewController.swift in Sources */,
				C236FAD21BD7443A0082B3E1 /* SignUpFiveViewController.swift in Sources */,
				C236FACC1BD744170082B3E1 /* SignUpTwoViewController.swift in Sources */,
				C236FAD01BD744300082B3E1 /* SignUpFourViewController.swift in Sources */,
				C236FACA1BD742650082B3E1 /* SignUpOneViewController.swift in Sources */,
				C22FE67B1BD71DBF0076B174 /* ViewController.swift in Sources */,
				C22FE6791BD71DBF0076B174 /* AppDelegate.swift in Sources */,
				C236FAC61BD72CDE0082B3E1 /* SignUpRootViewController.swift in Sources */,
				C2055FF41BD7E2260023BF50 /* SignInOneViewController.swift in Sources */,
				C2055FF21BD747E00023BF50 /* SignUpTermsViewController.swift in Sources */,
				C236FACE1BD744240082B3E1 /* SignUpThreeViewController.swift in Sources */,
			);
			runOnlyForDeploymentPostprocessing = 0;
		};
/* End PBXSourcesBuildPhase section */

/* Begin PBXVariantGroup section */
		C22FE67C1BD71DBF0076B174 /* Main.storyboard */ = {
			isa = PBXVariantGroup;
			children = (
				C22FE67D1BD71DBF0076B174 /* Base */,
			);
			name = Main.storyboard;
			sourceTree = "<group>";
		};
		C22FE6811BD71DBF0076B174 /* LaunchScreen.storyboard */ = {
			isa = PBXVariantGroup;
			children = (
				C22FE6821BD71DBF0076B174 /* Base */,
			);
			name = LaunchScreen.storyboard;
			sourceTree = "<group>";
		};
/* End PBXVariantGroup section */

/* Begin XCBuildConfiguration section */
		C22FE6851BD71DBF0076B174 /* Debug */ = {
			isa = XCBuildConfiguration;
			buildSettings = {
				ALWAYS_SEARCH_USER_PATHS = NO;
				CLANG_CXX_LANGUAGE_STANDARD = "gnu++0x";
				CLANG_CXX_LIBRARY = "libc++";
				CLANG_ENABLE_MODULES = YES;
				CLANG_ENABLE_OBJC_ARC = YES;
				CLANG_WARN_BOOL_CONVERSION = YES;
				CLANG_WARN_CONSTANT_CONVERSION = YES;
				CLANG_WARN_DIRECT_OBJC_ISA_USAGE = YES_ERROR;
				CLANG_WARN_EMPTY_BODY = YES;
				CLANG_WARN_ENUM_CONVERSION = YES;
				CLANG_WARN_INT_CONVERSION = YES;
				CLANG_WARN_OBJC_ROOT_CLASS = YES_ERROR;
				CLANG_WARN_UNREACHABLE_CODE = YES;
				CLANG_WARN__DUPLICATE_METHOD_MATCH = YES;
				"CODE_SIGN_IDENTITY[sdk=iphoneos*]" = "iPhone Developer";
				COPY_PHASE_STRIP = NO;
				DEBUG_INFORMATION_FORMAT = dwarf;
				ENABLE_STRICT_OBJC_MSGSEND = YES;
				ENABLE_TESTABILITY = YES;
				GCC_C_LANGUAGE_STANDARD = gnu99;
				GCC_DYNAMIC_NO_PIC = NO;
				GCC_NO_COMMON_BLOCKS = YES;
				GCC_OPTIMIZATION_LEVEL = 0;
				GCC_PREPROCESSOR_DEFINITIONS = (
					"DEBUG=1",
					"$(inherited)",
				);
				GCC_WARN_64_TO_32_BIT_CONVERSION = YES;
				GCC_WARN_ABOUT_RETURN_TYPE = YES_ERROR;
				GCC_WARN_UNDECLARED_SELECTOR = YES;
				GCC_WARN_UNINITIALIZED_AUTOS = YES_AGGRESSIVE;
				GCC_WARN_UNUSED_FUNCTION = YES;
				GCC_WARN_UNUSED_VARIABLE = YES;
				IPHONEOS_DEPLOYMENT_TARGET = 9.0;
				MTL_ENABLE_DEBUG_INFO = YES;
				ONLY_ACTIVE_ARCH = YES;
				SDKROOT = iphoneos;
				SWIFT_OPTIMIZATION_LEVEL = "-Onone";
			};
			name = Debug;
		};
		C22FE6861BD71DBF0076B174 /* Release */ = {
			isa = XCBuildConfiguration;
			buildSettings = {
				ALWAYS_SEARCH_USER_PATHS = NO;
				CLANG_CXX_LANGUAGE_STANDARD = "gnu++0x";
				CLANG_CXX_LIBRARY = "libc++";
				CLANG_ENABLE_MODULES = YES;
				CLANG_ENABLE_OBJC_ARC = YES;
				CLANG_WARN_BOOL_CONVERSION = YES;
				CLANG_WARN_CONSTANT_CONVERSION = YES;
				CLANG_WARN_DIRECT_OBJC_ISA_USAGE = YES_ERROR;
				CLANG_WARN_EMPTY_BODY = YES;
				CLANG_WARN_ENUM_CONVERSION = YES;
				CLANG_WARN_INT_CONVERSION = YES;
				CLANG_WARN_OBJC_ROOT_CLASS = YES_ERROR;
				CLANG_WARN_UNREACHABLE_CODE = YES;
				CLANG_WARN__DUPLICATE_METHOD_MATCH = YES;
				"CODE_SIGN_IDENTITY[sdk=iphoneos*]" = "iPhone Developer";
				COPY_PHASE_STRIP = NO;
				DEBUG_INFORMATION_FORMAT = "dwarf-with-dsym";
				ENABLE_NS_ASSERTIONS = NO;
				ENABLE_STRICT_OBJC_MSGSEND = YES;
				GCC_C_LANGUAGE_STANDARD = gnu99;
				GCC_NO_COMMON_BLOCKS = YES;
				GCC_WARN_64_TO_32_BIT_CONVERSION = YES;
				GCC_WARN_ABOUT_RETURN_TYPE = YES_ERROR;
				GCC_WARN_UNDECLARED_SELECTOR = YES;
				GCC_WARN_UNINITIALIZED_AUTOS = YES_AGGRESSIVE;
				GCC_WARN_UNUSED_FUNCTION = YES;
				GCC_WARN_UNUSED_VARIABLE = YES;
				IPHONEOS_DEPLOYMENT_TARGET = 9.0;
				MTL_ENABLE_DEBUG_INFO = NO;
				SDKROOT = iphoneos;
				VALIDATE_PRODUCT = YES;
			};
			name = Release;
		};
		C22FE6881BD71DBF0076B174 /* Debug */ = {
			isa = XCBuildConfiguration;
			buildSettings = {
				ASSETCATALOG_COMPILER_APPICON_NAME = AppIcon;
				INFOPLIST_FILE = "dropbox-prototype/Info.plist";
				LD_RUNPATH_SEARCH_PATHS = "$(inherited) @executable_path/Frameworks";
				PRODUCT_BUNDLE_IDENTIFIER = "andytaylor.dropbox-prototype";
				PRODUCT_NAME = "$(TARGET_NAME)";
			};
			name = Debug;
		};
		C22FE6891BD71DBF0076B174 /* Release */ = {
			isa = XCBuildConfiguration;
			buildSettings = {
				ASSETCATALOG_COMPILER_APPICON_NAME = AppIcon;
				INFOPLIST_FILE = "dropbox-prototype/Info.plist";
				LD_RUNPATH_SEARCH_PATHS = "$(inherited) @executable_path/Frameworks";
				PRODUCT_BUNDLE_IDENTIFIER = "andytaylor.dropbox-prototype";
				PRODUCT_NAME = "$(TARGET_NAME)";
			};
			name = Release;
		};
/* End XCBuildConfiguration section */

/* Begin XCConfigurationList section */
		C22FE6701BD71DBF0076B174 /* Build configuration list for PBXProject "dropbox-prototype" */ = {
			isa = XCConfigurationList;
			buildConfigurations = (
				C22FE6851BD71DBF0076B174 /* Debug */,
				C22FE6861BD71DBF0076B174 /* Release */,
			);
			defaultConfigurationIsVisible = 0;
			defaultConfigurationName = Release;
		};
		C22FE6871BD71DBF0076B174 /* Build configuration list for PBXNativeTarget "dropbox-prototype" */ = {
			isa = XCConfigurationList;
			buildConfigurations = (
				C22FE6881BD71DBF0076B174 /* Debug */,
				C22FE6891BD71DBF0076B174 /* Release */,
			);
			defaultConfigurationIsVisible = 0;
			defaultConfigurationName = Release;
		};
/* End XCConfigurationList section */
	};
	rootObject = C22FE66D1BD71DBF0076B174 /* Project object */;
}
